
Microsoft Visual Studio Solution File, Format Version 12.00
# Visual Studio Version 18
VisualStudioVersion = 18.1.11304.174
MinimumVisualStudioVersion = 10.0.40219.1
Project("{FAE04EC0-301F-11D3-BF4B-00C04F79EFBC}") = "Utils", "Utils\Utils.csproj", "{E5A9F6C6-D28C-4589-823C-309B56E9C8B1}"
EndProject
Project("{FAE04EC0-301F-11D3-BF4B-00C04F79EFBC}") = "PdfReader", "PdfReader\PdfReader.csproj", "{37709586-B6A4-41C1-AF08-3319B6267EF0}"
EndProject
Project("{FAE04EC0-301F-11D3-BF4B-00C04F79EFBC}") = "UtilitiesPdf.Api", "UtilitiesPdf.Api\UtilitiesPdf.Api.csproj", "{AB0FB03B-5D0A-4AF9-B734-61201E09A63A}"
EndProject
Project("{FAE04EC0-301F-11D3-BF4B-00C04F79EFBC}") = "UtilitiesPdf.FollowUp", "UtilitiesPdf.FollowUp\UtilitiesPdf.FollowUp.csproj", "{15E3AA52-B53F-4916-ACE2-AFB1434A938E}"
EndProject
Global
	GlobalSection(SolutionConfigurationPlatforms) = preSolution
		Debug|Any CPU = Debug|Any CPU
		Debug|x64 = Debug|x64
		Debug|x86 = Debug|x86
		Release|Any CPU = Release|Any CPU
		Release|x64 = Release|x64
		Release|x86 = Release|x86
	EndGlobalSection
	GlobalSection(ProjectConfigurationPlatforms) = postSolution
		{E5A9F6C6-D28C-4589-823C-309B56E9C8B1}.Debug|Any CPU.ActiveCfg = Debug|Any CPU
		{E5A9F6C6-D28C-4589-823C-309B56E9C8B1}.Debug|Any CPU.Build.0 = Debug|Any CPU
		{E5A9F6C6-D28C-4589-823C-309B56E9C8B1}.Debug|x64.ActiveCfg = Debug|Any CPU
		{E5A9F6C6-D28C-4589-823C-309B56E9C8B1}.Debug|x64.Build.0 = Debug|Any CPU
		{E5A9F6C6-D28C-4589-823C-309B56E9C8B1}.Debug|x86.ActiveCfg = Debug|Any CPU
		{E5A9F6C6-D28C-4589-823C-309B56E9C8B1}.Debug|x86.Build.0 = Debug|Any CPU
		{E5A9F6C6-D28C-4589-823C-309B56E9C8B1}.Release|Any CPU.ActiveCfg = Release|Any CPU
		{E5A9F6C6-D28C-4589-823C-309B56E9C8B1}.Release|Any CPU.Build.0 = Release|Any CPU
		{E5A9F6C6-D28C-4589-823C-309B56E9C8B1}.Release|x64.ActiveCfg = Release|Any CPU
		{E5A9F6C6-D28C-4589-823C-309B56E9C8B1}.Release|x64.Build.0 = Release|Any CPU
		{E5A9F6C6-D28C-4589-823C-309B56E9C8B1}.Release|x86.ActiveCfg = Release|Any CPU
		{E5A9F6C6-D28C-4589-823C-309B56E9C8B1}.Release|x86.Build.0 = Release|Any CPU
		{37709586-B6A4-41C1-AF08-3319B6267EF0}.Debug|Any CPU.ActiveCfg = Debug|Any CPU
		{37709586-B6A4-41C1-AF08-3319B6267EF0}.Debug|Any CPU.Build.0 = Debug|Any CPU
		{37709586-B6A4-41C1-AF08-3319B6267EF0}.Debug|x64.ActiveCfg = Debug|Any CPU
		{37709586-B6A4-41C1-AF08-3319B6267EF0}.Debug|x64.Build.0 = Debug|Any CPU
		{37709586-B6A4-41C1-AF08-3319B6267EF0}.Debug|x86.ActiveCfg = Debug|Any CPU
		{37709586-B6A4-41C1-AF08-3319B6267EF0}.Debug|x86.Build.0 = Debug|Any CPU
		{37709586-B6A4-41C1-AF08-3319B6267EF0}.Release|Any CPU.ActiveCfg = Release|Any CPU
		{37709586-B6A4-41C1-AF08-3319B6267EF0}.Release|Any CPU.Build.0 = Release|Any CPU
		{37709586-B6A4-41C1-AF08-3319B6267EF0}.Release|x64.ActiveCfg = Release|Any CPU
		{37709586-B6A4-41C1-AF08-3319B6267EF0}.Release|x64.Build.0 = Release|Any CPU
		{37709586-B6A4-41C1-AF08-3319B6267EF0}.Release|x86.ActiveCfg = Release|Any CPU
		{37709586-B6A4-41C1-AF08-3319B6267EF0}.Release|x86.Build.0 = Release|Any CPU
		{AB0FB03B-5D0A-4AF9-B734-61201E09A63A}.Debug|Any CPU.ActiveCfg = Debug|Any CPU
		{AB0FB03B-5D0A-4AF9-B734-61201E09A63A}.Debug|Any CPU.Build.0 = Debug|Any CPU
		{AB0FB03B-5D0A-4AF9-B734-61201E09A63A}.Debug|x64.ActiveCfg = Debug|Any CPU
		{AB0FB03B-5D0A-4AF9-B734-61201E09A63A}.Debug|x64.Build.0 = Debug|Any CPU
		{AB0FB03B-5D0A-4AF9-B734-61201E09A63A}.Debug|x86.ActiveCfg = Debug|Any CPU
		{AB0FB03B-5D0A-4AF9-B734-61201E09A63A}.Debug|x86.Build.0 = Debug|Any CPU
		{AB0FB03B-5D0A-4AF9-B734-61201E09A63A}.Release|Any CPU.ActiveCfg = Release|Any CPU
		{AB0FB03B-5D0A-4AF9-B734-61201E09A63A}.Release|Any CPU.Build.0 = Release|Any CPU
		{AB0FB03B-5D0A-4AF9-B734-61201E09A63A}.Release|x64.ActiveCfg = Release|Any CPU
		{AB0FB03B-5D0A-4AF9-B734-61201E09A63A}.Release|x64.Build.0 = Release|Any CPU
		{AB0FB03B-5D0A-4AF9-B734-61201E09A63A}.Release|x86.ActiveCfg = Release|Any CPU
		{AB0FB03B-5D0A-4AF9-B734-61201E09A63A}.Release|x86.Build.0 = Release|Any CPU
		{15E3AA52-B53F-4916-ACE2-AFB1434A938E}.Debug|Any CPU.ActiveCfg = Debug|Any CPU
		{15E3AA52-B53F-4916-ACE2-AFB1434A938E}.Debug|Any CPU.Build.0 = Debug|Any CPU
		{15E3AA52-B53F-4916-ACE2-AFB1434A938E}.Debug|x64.ActiveCfg = Debug|Any CPU
		{15E3AA52-B53F-4916-ACE2-AFB1434A938E}.Debug|x64.Build.0 = Debug|Any CPU
		{15E3AA52-B53F-4916-ACE2-AFB1434A938E}.Debug|x86.ActiveCfg = Debug|Any CPU
		{15E3AA52-B53F-4916-ACE2-AFB1434A938E}.Debug|x86.Build.0 = Debug|Any CPU
		{15E3AA52-B53F-4916-ACE2-AFB1434A938E}.Release|Any CPU.ActiveCfg = Release|Any CPU
		{15E3AA52-B53F-4916-ACE2-AFB1434A938E}.Release|Any CPU.Build.0 = Release|Any CPU
		{15E3AA52-B53F-4916-ACE2-AFB1434A938E}.Release|x64.ActiveCfg = Release|Any CPU
		{15E3AA52-B53F-4916-ACE2-AFB1434A938E}.Release|x64.Build.0 = Release|Any CPU
		{15E3AA52-B53F-4916-ACE2-AFB1434A938E}.Release|x86.ActiveCfg = Release|Any CPU
		{15E3AA52-B53F-4916-ACE2-AFB1434A938E}.Release|x86.Build.0 = Release|Any CPU
	EndGlobalSection
	GlobalSection(SolutionProperties) = preSolution
		HideSolutionNode = FALSE
	EndGlobalSection
	GlobalSection(ExtensibilityGlobals) = postSolution
		SolutionGuid = {4B3F0753-68DD-4AB4-AE06-369E4B9E182D}
	EndGlobalSection
EndGlobal
